<?xml version="1.0" encoding="utf-8"?>
<Project ToolsVersion="4.0" xmlns="http://schemas.microsoft.com/developer/msbuild/2003">
  <ItemGroup>
    <Filter Include="01. GameProcess">
      <UniqueIdentifier>{3390a1df-c148-4fe9-96c2-395001a369d0}</UniqueIdentifier>
    </Filter>
    <Filter Include="00. Graphics">
      <UniqueIdentifier>{a7e73815-b501-46f1-af63-da9991b77504}</UniqueIdentifier>
    </Filter>
    <Filter Include="99. Headers">
      <UniqueIdentifier>{74c32cc6-aa83-4152-9073-ce990e46ba87}</UniqueIdentifier>
    </Filter>
    <Filter Include="02. Bindable">
      <UniqueIdentifier>{82678093-7a3f-46be-89a4-5c15bfbc33a5}</UniqueIdentifier>
    </Filter>
  </ItemGroup>
  <ItemGroup>
    <ClInclude Include="GameProcess.h">
      <Filter>01. GameProcess</Filter>
    </ClInclude>
    <ClInclude Include="TimeManager.h">
      <Filter>01. GameProcess</Filter>
    </ClInclude>
    <ClInclude Include="InputManager.h">
      <Filter>01. GameProcess</Filter>
    </ClInclude>
    <ClInclude Include="FlatGraphics.h">
      <Filter>00. Graphics</Filter>
    </ClInclude>
    <ClInclude Include="STLHeaders.h">
      <Filter>99. Headers</Filter>
    </ClInclude>
    <ClInclude Include="GraphicsResource.h">
      <Filter>00. Graphics</Filter>
    </ClInclude>
    <ClInclude Include="DirectXHeaders.h">
      <Filter>99. Headers</Filter>
    </ClInclude>
    <ClInclude Include="IBindable.h">
      <Filter>02. Bindable</Filter>
    </ClInclude>
    <ClInclude Include="BufferResource.h">
      <Filter>02. Bindable</Filter>
    </ClInclude>
    <ClInclude Include="RenderTarget.h">
      <Filter>02. Bindable</Filter>
    </ClInclude>
    <ClInclude Include="DepthStencil.h">
      <Filter>02. Bindable</Filter>
    </ClInclude>
  </ItemGroup>
  <ItemGroup>
    <ClCompile Include="GameProcess.cpp">
      <Filter>01. GameProcess</Filter>
    </ClCompile>
    <ClCompile Include="TimeManager.cpp">
      <Filter>01. GameProcess</Filter>
    </ClCompile>
    <ClCompile Include="InputManager.cpp">
      <Filter>01. GameProcess</Filter>
    </ClCompile>
    <ClCompile Include="FlatGraphics.cpp">
      <Filter>00. Graphics</Filter>
    </ClCompile>
    <ClCompile Include="GraphicsResource.cpp">
      <Filter>00. Graphics</Filter>
    </ClCompile>
    <ClCompile Include="IBindable.cpp">
      <Filter>02. Bindable</Filter>
    </ClCompile>
    <ClCompile Include="BufferResource.cpp">
      <Filter>02. Bindable</Filter>
    </ClCompile>
    <ClCompile Include="RenderTarget.cpp">
      <Filter>02. Bindable</Filter>
    </ClCompile>
    <ClCompile Include="DepthStencil.cpp">
      <Filter>02. Bindable</Filter>
    </ClCompile>
  </ItemGroup>
</Project>